
Microsoft Visual Studio Solution File, Format Version 12.00
# Visual Studio Version 17
VisualStudioVersion = 17.0.31903.59
MinimumVisualStudioVersion = 10.0.40219.1
Project("{FAE04EC0-301F-11D3-BF4B-00C04F79EFBC}") = "MyWebAPI", "MyWebAPI\MyWebAPI.csproj", "{A352895A-7470-4389-A95D-B13756EA5388}"
EndProject
Project("{FAE04EC0-301F-11D3-BF4B-00C04F79EFBC}") = "MyWebAPI.Tests", "MyWebAPI.Tests\MyWebAPI.Tests.csproj", "{D92C0A18-A1FB-4813-AFEE-8A176D6D7947}"
EndProject
Project("{FAE04EC0-301F-11D3-BF4B-00C04F79EFBC}") = "MyLibrary", "MyLibrary\MyLibrary.csproj", "{EB103AA3-8515-4B0B-92C2-7B85009BBEA2}"
EndProject
Global
	GlobalSection(SolutionConfigurationPlatforms) = preSolution
		Debug|Any CPU = Debug|Any CPU
		Debug|x64 = Debug|x64
		Debug|x86 = Debug|x86
		Release|Any CPU = Release|Any CPU
		Release|x64 = Release|x64
		Release|x86 = Release|x86
	EndGlobalSection
	GlobalSection(ProjectConfigurationPlatforms) = postSolution
		{A352895A-7470-4389-A95D-B13756EA5388}.Debug|Any CPU.ActiveCfg = Debug|Any CPU
		{A352895A-7470-4389-A95D-B13756EA5388}.Debug|Any CPU.Build.0 = Debug|Any CPU
		{A352895A-7470-4389-A95D-B13756EA5388}.Debug|x64.ActiveCfg = Debug|Any CPU
		{A352895A-7470-4389-A95D-B13756EA5388}.Debug|x64.Build.0 = Debug|Any CPU
		{A352895A-7470-4389-A95D-B13756EA5388}.Debug|x86.ActiveCfg = Debug|Any CPU
		{A352895A-7470-4389-A95D-B13756EA5388}.Debug|x86.Build.0 = Debug|Any CPU
		{A352895A-7470-4389-A95D-B13756EA5388}.Release|Any CPU.ActiveCfg = Release|Any CPU
		{A352895A-7470-4389-A95D-B13756EA5388}.Release|Any CPU.Build.0 = Release|Any CPU
		{A352895A-7470-4389-A95D-B13756EA5388}.Release|x64.ActiveCfg = Release|Any CPU
		{A352895A-7470-4389-A95D-B13756EA5388}.Release|x64.Build.0 = Release|Any CPU
		{A352895A-7470-4389-A95D-B13756EA5388}.Release|x86.ActiveCfg = Release|Any CPU
		{A352895A-7470-4389-A95D-B13756EA5388}.Release|x86.Build.0 = Release|Any CPU
		{D92C0A18-A1FB-4813-AFEE-8A176D6D7947}.Debug|Any CPU.ActiveCfg = Debug|Any CPU
		{D92C0A18-A1FB-4813-AFEE-8A176D6D7947}.Debug|Any CPU.Build.0 = Debug|Any CPU
		{D92C0A18-A1FB-4813-AFEE-8A176D6D7947}.Debug|x64.ActiveCfg = Debug|Any CPU
		{D92C0A18-A1FB-4813-AFEE-8A176D6D7947}.Debug|x64.Build.0 = Debug|Any CPU
		{D92C0A18-A1FB-4813-AFEE-8A176D6D7947}.Debug|x86.ActiveCfg = Debug|Any CPU
		{D92C0A18-A1FB-4813-AFEE-8A176D6D7947}.Debug|x86.Build.0 = Debug|Any CPU
		{D92C0A18-A1FB-4813-AFEE-8A176D6D7947}.Release|Any CPU.ActiveCfg = Release|Any CPU
		{D92C0A18-A1FB-4813-AFEE-8A176D6D7947}.Release|Any CPU.Build.0 = Release|Any CPU
		{D92C0A18-A1FB-4813-AFEE-8A176D6D7947}.Release|x64.ActiveCfg = Release|Any CPU
		{D92C0A18-A1FB-4813-AFEE-8A176D6D7947}.Release|x64.Build.0 = Release|Any CPU
		{D92C0A18-A1FB-4813-AFEE-8A176D6D7947}.Release|x86.ActiveCfg = Release|Any CPU
		{D92C0A18-A1FB-4813-AFEE-8A176D6D7947}.Release|x86.Build.0 = Release|Any CPU
		{EB103AA3-8515-4B0B-92C2-7B85009BBEA2}.Debug|Any CPU.ActiveCfg = Debug|Any CPU
		{EB103AA3-8515-4B0B-92C2-7B85009BBEA2}.Debug|Any CPU.Build.0 = Debug|Any CPU
		{EB103AA3-8515-4B0B-92C2-7B85009BBEA2}.Debug|x64.ActiveCfg = Debug|Any CPU
		{EB103AA3-8515-4B0B-92C2-7B85009BBEA2}.Debug|x64.Build.0 = Debug|Any CPU
		{EB103AA3-8515-4B0B-92C2-7B85009BBEA2}.Debug|x86.ActiveCfg = Debug|Any CPU
		{EB103AA3-8515-4B0B-92C2-7B85009BBEA2}.Debug|x86.Build.0 = Debug|Any CPU
		{EB103AA3-8515-4B0B-92C2-7B85009BBEA2}.Release|Any CPU.ActiveCfg = Release|Any CPU
		{EB103AA3-8515-4B0B-92C2-7B85009BBEA2}.Release|Any CPU.Build.0 = Release|Any CPU
		{EB103AA3-8515-4B0B-92C2-7B85009BBEA2}.Release|x64.ActiveCfg = Release|Any CPU
		{EB103AA3-8515-4B0B-92C2-7B85009BBEA2}.Release|x64.Build.0 = Release|Any CPU
		{EB103AA3-8515-4B0B-92C2-7B85009BBEA2}.Release|x86.ActiveCfg = Release|Any CPU
		{EB103AA3-8515-4B0B-92C2-7B85009BBEA2}.Release|x86.Build.0 = Release|Any CPU
	EndGlobalSection
	GlobalSection(SolutionProperties) = preSolution
		HideSolutionNode = FALSE
	EndGlobalSection
EndGlobal
