
Microsoft Visual Studio Solution File, Format Version 12.00
# Visual Studio Version 17
VisualStudioVersion = 17.5.2.0
MinimumVisualStudioVersion = 10.0.40219.1
Project("{FAE04EC0-301F-11D3-BF4B-00C04F79EFBC}") = "MyWebAPI", "MyWebAPI.csproj", "{D8A38D25-22B5-170F-1686-F57E6E229A0D}"
EndProject
Project("{FAE04EC0-301F-11D3-BF4B-00C04F79EFBC}") = "mytests", "mytests\mytests.csproj", "{0BF71DFA-2001-4520-8D36-B84F80CD8F7B}"
EndProject
Global
	GlobalSection(SolutionConfigurationPlatforms) = preSolution
		Debug|Any CPU = Debug|Any CPU
		Debug|x64 = Debug|x64
		Debug|x86 = Debug|x86
		Release|Any CPU = Release|Any CPU
		Release|x64 = Release|x64
		Release|x86 = Release|x86
	EndGlobalSection
	GlobalSection(ProjectConfigurationPlatforms) = postSolution
		{D8A38D25-22B5-170F-1686-F57E6E229A0D}.Debug|Any CPU.ActiveCfg = Debug|Any CPU
		{D8A38D25-22B5-170F-1686-F57E6E229A0D}.Debug|Any CPU.Build.0 = Debug|Any CPU
		{D8A38D25-22B5-170F-1686-F57E6E229A0D}.Debug|x64.ActiveCfg = Debug|Any CPU
		{D8A38D25-22B5-170F-1686-F57E6E229A0D}.Debug|x64.Build.0 = Debug|Any CPU
		{D8A38D25-22B5-170F-1686-F57E6E229A0D}.Debug|x86.ActiveCfg = Debug|Any CPU
		{D8A38D25-22B5-170F-1686-F57E6E229A0D}.Debug|x86.Build.0 = Debug|Any CPU
		{D8A38D25-22B5-170F-1686-F57E6E229A0D}.Release|Any CPU.ActiveCfg = Release|Any CPU
		{D8A38D25-22B5-170F-1686-F57E6E229A0D}.Release|Any CPU.Build.0 = Release|Any CPU
		{D8A38D25-22B5-170F-1686-F57E6E229A0D}.Release|x64.ActiveCfg = Release|Any CPU
		{D8A38D25-22B5-170F-1686-F57E6E229A0D}.Release|x64.Build.0 = Release|Any CPU
		{D8A38D25-22B5-170F-1686-F57E6E229A0D}.Release|x86.ActiveCfg = Release|Any CPU
		{D8A38D25-22B5-170F-1686-F57E6E229A0D}.Release|x86.Build.0 = Release|Any CPU
		{0BF71DFA-2001-4520-8D36-B84F80CD8F7B}.Debug|Any CPU.ActiveCfg = Debug|Any CPU
		{0BF71DFA-2001-4520-8D36-B84F80CD8F7B}.Debug|Any CPU.Build.0 = Debug|Any CPU
		{0BF71DFA-2001-4520-8D36-B84F80CD8F7B}.Debug|x64.ActiveCfg = Debug|Any CPU
		{0BF71DFA-2001-4520-8D36-B84F80CD8F7B}.Debug|x64.Build.0 = Debug|Any CPU
		{0BF71DFA-2001-4520-8D36-B84F80CD8F7B}.Debug|x86.ActiveCfg = Debug|Any CPU
		{0BF71DFA-2001-4520-8D36-B84F80CD8F7B}.Debug|x86.Build.0 = Debug|Any CPU
		{0BF71DFA-2001-4520-8D36-B84F80CD8F7B}.Release|Any CPU.ActiveCfg = Release|Any CPU
		{0BF71DFA-2001-4520-8D36-B84F80CD8F7B}.Release|Any CPU.Build.0 = Release|Any CPU
		{0BF71DFA-2001-4520-8D36-B84F80CD8F7B}.Release|x64.ActiveCfg = Release|Any CPU
		{0BF71DFA-2001-4520-8D36-B84F80CD8F7B}.Release|x64.Build.0 = Release|Any CPU
		{0BF71DFA-2001-4520-8D36-B84F80CD8F7B}.Release|x86.ActiveCfg = Release|Any CPU
		{0BF71DFA-2001-4520-8D36-B84F80CD8F7B}.Release|x86.Build.0 = Release|Any CPU
	EndGlobalSection
	GlobalSection(SolutionProperties) = preSolution
		HideSolutionNode = FALSE
	EndGlobalSection
	GlobalSection(ExtensibilityGlobals) = postSolution
		SolutionGuid = {5F3DE49C-C1F1-42CA-A738-5EBE6D846FF2}
	EndGlobalSection
EndGlobal
